<?xml version="1.0" encoding="UTF-8" standalone="yes" ?>
<CodeBlocks_project_file>
	<FileVersion major="1" minor="6" />
	<Project>
		<Option title="Nachos_CB" />
		<Option makefile_is_custom="1" />
		<Option execution_dir="../../code" />
		<Option pch_mode="2" />
		<Option compiler="gcc" />
		<Build>
			<Target title="Threads">
				<Option output="../threads/nachos" prefix_auto="1" extension_auto="1" />
				<Option type="1" />
				<Option compiler="gcc" />
				<MakeCommands>
					<Build command="$make -f $makefile" />
					<CompileFile command="$make -f $makefile $file" />
					<Clean command="$make -f $makefile clean" />
					<DistClean command="$make -f $makefile distclean$target" />
					<AskRebuildNeeded command="$make -q -f $makefile" />
					<SilentBuild command="$make -s -f $makefile" />
				</MakeCommands>
			</Target>
			<Target title="filesys">
				<Option output="../filesys/nachos" prefix_auto="1" extension_auto="1" />
				<Option type="1" />
				<Option compiler="gcc" />
				<MakeCommands>
					<Build command="$make -f $makefile" />
					<CompileFile command="$make -f $makefile $file" />
					<Clean command="$make -f $makefile clean" />
					<DistClean command="$make -f $makefile distclean$target" />
					<AskRebuildNeeded command="$make -q -f $makefile" />
					<SilentBuild command="$make -s -f $makefile" />
				</MakeCommands>
			</Target>
			<Target title="network">
				<Option output="../network/nachos" prefix_auto="1" extension_auto="1" />
				<Option type="1" />
				<Option compiler="gcc" />
				<MakeCommands>
					<Build command="$make -f $makefile" />
					<CompileFile command="$make -f $makefile $file" />
					<Clean command="$make -f $makefile clean" />
					<DistClean command="$make -f $makefile distclean$target" />
					<AskRebuildNeeded command="$make -q -f $makefile" />
					<SilentBuild command="$make -s -f $makefile" />
				</MakeCommands>
			</Target>
			<Target title="vm">
				<Option output="../vm/nachos" prefix_auto="1" extension_auto="1" />
				<Option type="1" />
				<Option compiler="gcc" />
				<MakeCommands>
					<Build command="$make -f $makefile" />
					<CompileFile command="$make -f $makefile $file" />
					<Clean command="$make -f $makefile clean" />
					<DistClean command="$make -f $makefile distclean$target" />
					<AskRebuildNeeded command="$make -q -f $makefile" />
					<SilentBuild command="$make -s -f $makefile" />
				</MakeCommands>
			</Target>
			<Target title="userprog">
				<Option output="../userprog/nachos" prefix_auto="1" extension_auto="1" />
				<Option type="1" />
				<Option compiler="gcc" />
				<MakeCommands>
					<Build command="$make -f $makefile" />
					<CompileFile command="$make -f $makefile $file" />
					<Clean command="$make -f $makefile clean" />
					<DistClean command="$make -f $makefile distclean$target" />
					<AskRebuildNeeded command="$make -q -f $makefile" />
					<SilentBuild command="$make -s -f $makefile" />
				</MakeCommands>
			</Target>
		</Build>
		<Compiler>
			<Add option="-Wall" />
		</Compiler>
		<Unit filename="../Makefile">
			<Option target="&lt;{~None~}&gt;" />
		</Unit>
		<Unit filename="../Makefile.common">
			<Option target="&lt;{~None~}&gt;" />
		</Unit>
		<Unit filename="../Makefile.dep">
			<Option target="&lt;{~None~}&gt;" />
		</Unit>
		<Unit filename="../bin/Makefile">
			<Option target="&lt;{~None~}&gt;" />
		</Unit>
		<Unit filename="../bin/coff.h">
			<Option target="&lt;{~None~}&gt;" />
		</Unit>
		<Unit filename="../bin/coff2flat.c">
			<Option compilerVar="CC" />
			<Option target="&lt;{~None~}&gt;" />
		</Unit>
		<Unit filename="../bin/coff2noff">
			<Option target="&lt;{~None~}&gt;" />
		</Unit>
		<Unit filename="../bin/coff2noff.c">
			<Option compilerVar="CC" />
			<Option target="&lt;{~None~}&gt;" />
		</Unit>
		<Unit filename="../bin/d.c">
			<Option compilerVar="CC" />
			<Option target="&lt;{~None~}&gt;" />
		</Unit>
		<Unit filename="../bin/disasm.c">
			<Option compilerVar="CC" />
			<Option target="&lt;{~None~}&gt;" />
		</Unit>
		<Unit filename="../bin/encode.h">
			<Option target="&lt;{~None~}&gt;" />
		</Unit>
		<Unit filename="../bin/execute.c">
			<Option compilerVar="CC" />
			<Option target="&lt;{~None~}&gt;" />
		</Unit>
		<Unit filename="../bin/halt">
			<Option target="&lt;{~None~}&gt;" />
		</Unit>
		<Unit filename="../bin/instr.h">
			<Option target="&lt;{~None~}&gt;" />
		</Unit>
		<Unit filename="../bin/int.h">
			<Option target="&lt;{~None~}&gt;" />
		</Unit>
		<Unit filename="../bin/main.c">
			<Option compilerVar="CC" />
			<Option target="&lt;{~None~}&gt;" />
		</Unit>
		<Unit filename="../bin/noff.h">
			<Option target="&lt;{~None~}&gt;" />
		</Unit>
		<Unit filename="../bin/opstrings.c">
			<Option compilerVar="CC" />
			<Option target="&lt;{~None~}&gt;" />
		</Unit>
		<Unit filename="../bin/out.c">
			<Option compilerVar="CC" />
			<Option target="&lt;{~None~}&gt;" />
		</Unit>
		<Unit filename="../bin/system.c">
			<Option compilerVar="CC" />
			<Option target="&lt;{~None~}&gt;" />
		</Unit>
		<Unit filename="../filesys/Makefile">
			<Option target="&lt;{~None~}&gt;" />
		</Unit>
		<Unit filename="../filesys/directory.cc">
			<Option target="&lt;{~None~}&gt;" />
		</Unit>
		<Unit filename="../filesys/directory.h">
			<Option target="&lt;{~None~}&gt;" />
		</Unit>
		<Unit filename="../filesys/filehdr.cc">
			<Option target="&lt;{~None~}&gt;" />
		</Unit>
		<Unit filename="../filesys/filehdr.h">
			<Option target="&lt;{~None~}&gt;" />
		</Unit>
		<Unit filename="../filesys/filesys.cc">
			<Option target="&lt;{~None~}&gt;" />
		</Unit>
		<Unit filename="../filesys/filesys.h">
			<Option target="&lt;{~None~}&gt;" />
		</Unit>
		<Unit filename="../filesys/fstest.cc">
			<Option target="&lt;{~None~}&gt;" />
		</Unit>
		<Unit filename="../filesys/inode.cc" />
		<Unit filename="../filesys/inode.h" />
		<Unit filename="../filesys/openfile.cc">
			<Option target="&lt;{~None~}&gt;" />
		</Unit>
		<Unit filename="../filesys/openfile.h">
			<Option target="&lt;{~None~}&gt;" />
		</Unit>
		<Unit filename="../filesys/swtch.s">
			<Option target="&lt;{~None~}&gt;" />
		</Unit>
		<Unit filename="../filesys/synchdisk.cc">
			<Option target="&lt;{~None~}&gt;" />
		</Unit>
		<Unit filename="../filesys/synchdisk.h">
			<Option target="&lt;{~None~}&gt;" />
		</Unit>
		<Unit filename="../filesys/test/big">
			<Option target="&lt;{~None~}&gt;" />
		</Unit>
		<Unit filename="../filesys/test/medium">
			<Option target="&lt;{~None~}&gt;" />
		</Unit>
		<Unit filename="../filesys/test/small">
			<Option target="&lt;{~None~}&gt;" />
		</Unit>
		<Unit filename="../machine/console.cc">
			<Option target="&lt;{~None~}&gt;" />
		</Unit>
		<Unit filename="../machine/console.h">
			<Option target="&lt;{~None~}&gt;" />
		</Unit>
		<Unit filename="../machine/disk.cc">
			<Option target="&lt;{~None~}&gt;" />
		</Unit>
		<Unit filename="../machine/disk.h">
			<Option target="&lt;{~None~}&gt;" />
		</Unit>
		<Unit filename="../machine/interrupt.cc">
			<Option target="&lt;{~None~}&gt;" />
		</Unit>
		<Unit filename="../machine/interrupt.h">
			<Option target="&lt;{~None~}&gt;" />
		</Unit>
		<Unit filename="../machine/machine.cc">
			<Option target="&lt;{~None~}&gt;" />
		</Unit>
		<Unit filename="../machine/machine.h">
			<Option target="&lt;{~None~}&gt;" />
		</Unit>
		<Unit filename="../machine/mipssim.cc">
			<Option target="&lt;{~None~}&gt;" />
		</Unit>
		<Unit filename="../machine/mipssim.h">
			<Option target="&lt;{~None~}&gt;" />
		</Unit>
		<Unit filename="../machine/network.cc">
			<Option target="&lt;{~None~}&gt;" />
		</Unit>
		<Unit filename="../machine/network.h">
			<Option target="&lt;{~None~}&gt;" />
		</Unit>
		<Unit filename="../machine/stats.cc">
			<Option target="&lt;{~None~}&gt;" />
		</Unit>
		<Unit filename="../machine/stats.h">
			<Option target="&lt;{~None~}&gt;" />
		</Unit>
		<Unit filename="../machine/sysdep.cc">
			<Option target="&lt;{~None~}&gt;" />
		</Unit>
		<Unit filename="../machine/sysdep.h">
			<Option target="&lt;{~None~}&gt;" />
		</Unit>
		<Unit filename="../machine/timer.cc">
			<Option target="&lt;{~None~}&gt;" />
		</Unit>
		<Unit filename="../machine/timer.h">
			<Option target="&lt;{~None~}&gt;" />
		</Unit>
		<Unit filename="../machine/translate.cc">
			<Option target="&lt;{~None~}&gt;" />
		</Unit>
		<Unit filename="../machine/translate.h">
			<Option target="&lt;{~None~}&gt;" />
		</Unit>
		<Unit filename="../network/Makefile">
			<Option target="&lt;{~None~}&gt;" />
		</Unit>
		<Unit filename="../network/README">
			<Option target="&lt;{~None~}&gt;" />
		</Unit>
		<Unit filename="../network/nettest.cc">
			<Option target="&lt;{~None~}&gt;" />
		</Unit>
		<Unit filename="../network/post.cc">
			<Option target="&lt;{~None~}&gt;" />
		</Unit>
		<Unit filename="../network/post.h">
			<Option target="&lt;{~None~}&gt;" />
		</Unit>
		<Unit filename="../network/swtch.s">
			<Option target="&lt;{~None~}&gt;" />
		</Unit>
		<Unit filename="../test/Makefile">
			<Option target="&lt;{~None~}&gt;" />
		</Unit>
		<Unit filename="../test/create.c">
			<Option compilerVar="CC" />
		</Unit>
		<Unit filename="../test/exe.c">
			<Option compilerVar="CC" />
		</Unit>
		<Unit filename="../test/fork.c">
			<Option compilerVar="CC" />
		</Unit>
		<Unit filename="../test/halt">
			<Option target="&lt;{~None~}&gt;" />
		</Unit>
		<Unit filename="../test/halt.c">
			<Option compilerVar="CC" />
			<Option target="&lt;{~None~}&gt;" />
		</Unit>
		<Unit filename="../test/halt.coff">
			<Option target="&lt;{~None~}&gt;" />
		</Unit>
		<Unit filename="../test/matmult">
			<Option target="&lt;{~None~}&gt;" />
		</Unit>
		<Unit filename="../test/matmult.c">
			<Option compilerVar="CC" />
			<Option target="&lt;{~None~}&gt;" />
		</Unit>
		<Unit filename="../test/matmult.coff">
			<Option target="&lt;{~None~}&gt;" />
		</Unit>
		<Unit filename="../test/script">
			<Option target="&lt;{~None~}&gt;" />
		</Unit>
		<Unit filename="../test/shell">
			<Option target="&lt;{~None~}&gt;" />
		</Unit>
		<Unit filename="../test/shell.c">
			<Option compilerVar="CC" />
			<Option target="&lt;{~None~}&gt;" />
		</Unit>
		<Unit filename="../test/shell.coff">
			<Option target="&lt;{~None~}&gt;" />
		</Unit>
		<Unit filename="../test/sort">
			<Option target="&lt;{~None~}&gt;" />
		</Unit>
		<Unit filename="../test/sort.c">
			<Option compilerVar="CC" />
			<Option target="&lt;{~None~}&gt;" />
		</Unit>
		<Unit filename="../test/sort.coff">
			<Option target="&lt;{~None~}&gt;" />
		</Unit>
		<Unit filename="../test/start.c">
			<Option compilerVar="CC" />
			<Option target="&lt;{~None~}&gt;" />
		</Unit>
		<Unit filename="../test/start.s">
			<Option target="&lt;{~None~}&gt;" />
		</Unit>
		<Unit filename="../test/write.c">
			<Option compilerVar="CC" />
		</Unit>
		<Unit filename="../threads/Makefile">
			<Option target="&lt;{~None~}&gt;" />
		</Unit>
		<Unit filename="../threads/bool.h">
			<Option target="&lt;{~None~}&gt;" />
		</Unit>
		<Unit filename="../threads/copyright.h">
			<Option target="&lt;{~None~}&gt;" />
		</Unit>
		<Unit filename="../threads/list.cc">
			<Option target="&lt;{~None~}&gt;" />
		</Unit>
		<Unit filename="../threads/list.h">
			<Option target="&lt;{~None~}&gt;" />
		</Unit>
		<Unit filename="../threads/main.cc">
			<Option target="&lt;{~None~}&gt;" />
		</Unit>
		<Unit filename="../threads/scheduler.cc">
			<Option target="&lt;{~None~}&gt;" />
		</Unit>
		<Unit filename="../threads/scheduler.h">
			<Option target="&lt;{~None~}&gt;" />
		</Unit>
		<Unit filename="../threads/stdarg.h">
			<Option target="&lt;{~None~}&gt;" />
		</Unit>
		<Unit filename="../threads/switch-old.s">
			<Option target="&lt;{~None~}&gt;" />
		</Unit>
		<Unit filename="../threads/switch.c">
			<Option compilerVar="CC" />
			<Option target="&lt;{~None~}&gt;" />
		</Unit>
		<Unit filename="../threads/switch.h">
			<Option target="&lt;{~None~}&gt;" />
		</Unit>
		<Unit filename="../threads/switch.s">
			<Option target="&lt;{~None~}&gt;" />
		</Unit>
		<Unit filename="../threads/swtch.s">
			<Option target="&lt;{~None~}&gt;" />
		</Unit>
		<Unit filename="../threads/synch.cc">
			<Option target="&lt;{~None~}&gt;" />
		</Unit>
		<Unit filename="../threads/synch.dis">
			<Option target="&lt;{~None~}&gt;" />
		</Unit>
		<Unit filename="../threads/synch.h">
			<Option target="&lt;{~None~}&gt;" />
		</Unit>
		<Unit filename="../threads/synchlist.cc">
			<Option target="&lt;{~None~}&gt;" />
		</Unit>
		<Unit filename="../threads/synchlist.h">
			<Option target="&lt;{~None~}&gt;" />
		</Unit>
		<Unit filename="../threads/system.cc">
			<Option target="&lt;{~None~}&gt;" />
		</Unit>
		<Unit filename="../threads/system.h">
			<Option target="&lt;{~None~}&gt;" />
		</Unit>
		<Unit filename="../threads/thread.cc">
			<Option target="&lt;{~None~}&gt;" />
		</Unit>
		<Unit filename="../threads/thread.h">
			<Option target="&lt;{~None~}&gt;" />
		</Unit>
		<Unit filename="../threads/threadmanager.cc" />
		<Unit filename="../threads/threadmanager.h" />
		<Unit filename="../threads/threadtest.cc">
			<Option target="&lt;{~None~}&gt;" />
		</Unit>
		<Unit filename="../threads/utility.cc">
			<Option target="&lt;{~None~}&gt;" />
		</Unit>
		<Unit filename="../threads/utility.h">
			<Option target="&lt;{~None~}&gt;" />
		</Unit>
		<Unit filename="../userprog/Makefile">
			<Option target="&lt;{~None~}&gt;" />
		</Unit>
		<Unit filename="../userprog/addrspace.cc">
			<Option target="&lt;{~None~}&gt;" />
		</Unit>
		<Unit filename="../userprog/addrspace.h">
			<Option target="&lt;{~None~}&gt;" />
		</Unit>
		<Unit filename="../userprog/bitmap.cc">
			<Option target="&lt;{~None~}&gt;" />
		</Unit>
		<Unit filename="../userprog/bitmap.h">
			<Option target="&lt;{~None~}&gt;" />
		</Unit>
		<Unit filename="../userprog/exception.cc">
			<Option target="&lt;{~None~}&gt;" />
		</Unit>
		<Unit filename="../userprog/progtest.cc">
			<Option target="&lt;{~None~}&gt;" />
		</Unit>
		<Unit filename="../userprog/swtch.s">
			<Option target="&lt;{~None~}&gt;" />
		</Unit>
		<Unit filename="../userprog/synchconsole.cc" />
		<Unit filename="../userprog/synchconsole.h" />
		<Unit filename="../userprog/syscall.h">
			<Option target="&lt;{~None~}&gt;" />
		</Unit>
		<Unit filename="../vm/Makefile" />
		<Unit filename="../vm/MemoryManager.cc" />
		<Unit filename="../vm/MemoryManager.h" />
		<Unit filename="../vm/PhyMemManager.cc" />
		<Unit filename="../vm/PhyMemManager.h" />
		<Unit filename="../vm/SwappingLRU.cc" />
		<Unit filename="../vm/SwappingLRU.h" />
		<Unit filename="../vm/SwappingManager.cc" />
		<Unit filename="../vm/SwappingManager.h" />
		<Unit filename="../vm/SwappingStrategy.h" />
		<Unit filename="../vm/VirtMemManager.cc" />
		<Unit filename="../vm/VirtMemManager.h" />
		<Unit filename="../vm/addrspace.o">
			<Option target="&lt;{~None~}&gt;" />
		</Unit>
		<Unit filename="../vm/bitmap.o">
			<Option target="&lt;{~None~}&gt;" />
		</Unit>
		<Unit filename="../vm/console.o">
			<Option target="&lt;{~None~}&gt;" />
		</Unit>
		<Unit filename="../vm/exception.o">
			<Option target="&lt;{~None~}&gt;" />
		</Unit>
		<Unit filename="../vm/interrupt.o">
			<Option target="&lt;{~None~}&gt;" />
		</Unit>
		<Unit filename="../vm/list.o">
			<Option target="&lt;{~None~}&gt;" />
		</Unit>
		<Unit filename="../vm/machine.o">
			<Option target="&lt;{~None~}&gt;" />
		</Unit>
		<Unit filename="../vm/main.o">
			<Option target="&lt;{~None~}&gt;" />
		</Unit>
		<Unit filename="../vm/mipssim.o">
			<Option target="&lt;{~None~}&gt;" />
		</Unit>
		<Unit filename="../vm/nachos">
			<Option target="&lt;{~None~}&gt;" />
		</Unit>
		<Unit filename="../vm/progtest.o">
			<Option target="&lt;{~None~}&gt;" />
		</Unit>
		<Unit filename="../vm/scheduler.o">
			<Option target="&lt;{~None~}&gt;" />
		</Unit>
		<Unit filename="../vm/stats.o">
			<Option target="&lt;{~None~}&gt;" />
		</Unit>
		<Unit filename="../vm/switch.o">
			<Option target="&lt;{~None~}&gt;" />
		</Unit>
		<Unit filename="../vm/swtch.s">
			<Option target="&lt;{~None~}&gt;" />
		</Unit>
		<Unit filename="../vm/synch.o">
			<Option target="&lt;{~None~}&gt;" />
		</Unit>
		<Unit filename="../vm/synchlist.o">
			<Option target="&lt;{~None~}&gt;" />
		</Unit>
		<Unit filename="../vm/sysdep.o">
			<Option target="&lt;{~None~}&gt;" />
		</Unit>
		<Unit filename="../vm/system.o">
			<Option target="&lt;{~None~}&gt;" />
		</Unit>
		<Unit filename="../vm/thread.o">
			<Option target="&lt;{~None~}&gt;" />
		</Unit>
		<Unit filename="../vm/threadtest.o">
			<Option target="&lt;{~None~}&gt;" />
		</Unit>
		<Unit filename="../vm/timer.o">
			<Option target="&lt;{~None~}&gt;" />
		</Unit>
		<Unit filename="../vm/translate.o">
			<Option target="&lt;{~None~}&gt;" />
		</Unit>
		<Unit filename="../vm/utility.o">
			<Option target="&lt;{~None~}&gt;" />
		</Unit>
		<Extensions>
			<code_completion />
			<debugger />
		</Extensions>
	</Project>
</CodeBlocks_project_file>
